
Microsoft Visual Studio Solution File, Format Version 12.00
# Visual Studio Version 17
VisualStudioVersion = 17.11.35222.181
MinimumVisualStudioVersion = 10.0.40219.1
Project("{888888A0-9F3D-457C-B088-3A5042F75D52}") = "Translator", "Translator\Translator.pyproj", "{AB79C0DF-3D34-40B6-8A75-6EEF66CC9E0C}"
EndProject
Global
	GlobalSection(SolutionConfigurationPlatforms) = preSolution
		Debug|Any CPU = Debug|Any CPU
		Release|Any CPU = Release|Any CPU
	EndGlobalSection
	GlobalSection(ProjectConfigurationPlatforms) = postSolution
		{AB79C0DF-3D34-40B6-8A75-6EEF66CC9E0C}.Debug|Any CPU.ActiveCfg = Debug|Any CPU
		{AB79C0DF-3D34-40B6-8A75-6EEF66CC9E0C}.Release|Any CPU.ActiveCfg = Release|Any CPU
	EndGlobalSection
	GlobalSection(SolutionProperties) = preSolution
		HideSolutionNode = FALSE
	EndGlobalSection
	GlobalSection(ExtensibilityGlobals) = postSolution
		SolutionGuid = {AA8F5E9A-C699-44A3-A349-B44BDC63C8E5}
	EndGlobalSection
EndGlobal
